
Microsoft Visual Studio Solution File, Format Version 12.00
# Visual Studio Version 16
VisualStudioVersion = 16.0.31112.23
MinimumVisualStudioVersion = 10.0.40219.1
Project("{FAE04EC0-301F-11D3-BF4B-00C04F79EFBC}") = "Entity", "Entity\Entity.csproj", "{DF4C6FEA-CE9F-4C67-8D2C-D4DBF64F85BE}"
EndProject
Project("{FAE04EC0-301F-11D3-BF4B-00C04F79EFBC}") = "DataAccess", "DataAccess\DataAccess.csproj", "{0617B558-8292-410A-BA54-65AFFD076A3E}"
EndProject
Project("{FAE04EC0-301F-11D3-BF4B-00C04F79EFBC}") = "Business", "Business\Business.csproj", "{2E472E84-30E2-45D5-B9E2-E9BFCE4E0FEC}"
EndProject
Project("{FAE04EC0-301F-11D3-BF4B-00C04F79EFBC}") = "ConsoleUI", "ConsoleUI\ConsoleUI.csproj", "{29309CBB-5ED2-4579-A957-E5641F1BB085}"
EndProject
Global
	GlobalSection(SolutionConfigurationPlatforms) = preSolution
		Debug|Any CPU = Debug|Any CPU
		Release|Any CPU = Release|Any CPU
	EndGlobalSection
	GlobalSection(ProjectConfigurationPlatforms) = postSolution
		{DF4C6FEA-CE9F-4C67-8D2C-D4DBF64F85BE}.Debug|Any CPU.ActiveCfg = Debug|Any CPU
		{DF4C6FEA-CE9F-4C67-8D2C-D4DBF64F85BE}.Debug|Any CPU.Build.0 = Debug|Any CPU
		{DF4C6FEA-CE9F-4C67-8D2C-D4DBF64F85BE}.Release|Any CPU.ActiveCfg = Release|Any CPU
		{DF4C6FEA-CE9F-4C67-8D2C-D4DBF64F85BE}.Release|Any CPU.Build.0 = Release|Any CPU
		{0617B558-8292-410A-BA54-65AFFD076A3E}.Debug|Any CPU.ActiveCfg = Debug|Any CPU
		{0617B558-8292-410A-BA54-65AFFD076A3E}.Debug|Any CPU.Build.0 = Debug|Any CPU
		{0617B558-8292-410A-BA54-65AFFD076A3E}.Release|Any CPU.ActiveCfg = Release|Any CPU
		{0617B558-8292-410A-BA54-65AFFD076A3E}.Release|Any CPU.Build.0 = Release|Any CPU
		{2E472E84-30E2-45D5-B9E2-E9BFCE4E0FEC}.Debug|Any CPU.ActiveCfg = Debug|Any CPU
		{2E472E84-30E2-45D5-B9E2-E9BFCE4E0FEC}.Debug|Any CPU.Build.0 = Debug|Any CPU
		{2E472E84-30E2-45D5-B9E2-E9BFCE4E0FEC}.Release|Any CPU.ActiveCfg = Release|Any CPU
		{2E472E84-30E2-45D5-B9E2-E9BFCE4E0FEC}.Release|Any CPU.Build.0 = Release|Any CPU
		{29309CBB-5ED2-4579-A957-E5641F1BB085}.Debug|Any CPU.ActiveCfg = Debug|Any CPU
		{29309CBB-5ED2-4579-A957-E5641F1BB085}.Debug|Any CPU.Build.0 = Debug|Any CPU
		{29309CBB-5ED2-4579-A957-E5641F1BB085}.Release|Any CPU.ActiveCfg = Release|Any CPU
		{29309CBB-5ED2-4579-A957-E5641F1BB085}.Release|Any CPU.Build.0 = Release|Any CPU
	EndGlobalSection
	GlobalSection(SolutionProperties) = preSolution
		HideSolutionNode = FALSE
	EndGlobalSection
	GlobalSection(ExtensibilityGlobals) = postSolution
		SolutionGuid = {1EB323E2-0C5D-455C-ACA3-3F819848976B}
	EndGlobalSection
EndGlobal
